
Microsoft Visual Studio Solution File, Format Version 12.00
# Visual Studio Version 16
VisualStudioVersion = 16.0.31729.503
MinimumVisualStudioVersion = 10.0.40219.1
Project("{9A19103F-16F7-4668-BE54-9A1E7A4F7556}") = "PartsTraderApi", "PartsTraderApi\PartsTraderApi.csproj", "{42E363AA-5091-4CC8-B69B-91D0ACC0ECDA}"
EndProject
Project("{9A19103F-16F7-4668-BE54-9A1E7A4F7556}") = "PartsTraderTests", "PartsTraderTests\PartsTraderTests.csproj", "{6F5EB4F5-63D8-46A7-BC9B-32389923C732}"
EndProject
Global
	GlobalSection(SolutionConfigurationPlatforms) = preSolution
		Debug|Any CPU = Debug|Any CPU
		Release|Any CPU = Release|Any CPU
	EndGlobalSection
	GlobalSection(ProjectConfigurationPlatforms) = postSolution
		{42E363AA-5091-4CC8-B69B-91D0ACC0ECDA}.Debug|Any CPU.ActiveCfg = Debug|Any CPU
		{42E363AA-5091-4CC8-B69B-91D0ACC0ECDA}.Debug|Any CPU.Build.0 = Debug|Any CPU
		{42E363AA-5091-4CC8-B69B-91D0ACC0ECDA}.Release|Any CPU.ActiveCfg = Release|Any CPU
		{42E363AA-5091-4CC8-B69B-91D0ACC0ECDA}.Release|Any CPU.Build.0 = Release|Any CPU
		{6F5EB4F5-63D8-46A7-BC9B-32389923C732}.Debug|Any CPU.ActiveCfg = Debug|Any CPU
		{6F5EB4F5-63D8-46A7-BC9B-32389923C732}.Debug|Any CPU.Build.0 = Debug|Any CPU
		{6F5EB4F5-63D8-46A7-BC9B-32389923C732}.Release|Any CPU.ActiveCfg = Release|Any CPU
		{6F5EB4F5-63D8-46A7-BC9B-32389923C732}.Release|Any CPU.Build.0 = Release|Any CPU
	EndGlobalSection
	GlobalSection(SolutionProperties) = preSolution
		HideSolutionNode = FALSE
	EndGlobalSection
	GlobalSection(ExtensibilityGlobals) = postSolution
		SolutionGuid = {DA3C0D28-8860-4F04-986F-B2E20B85D9ED}
	EndGlobalSection
EndGlobal
